
Microsoft Visual Studio Solution File, Format Version 12.00
# Visual Studio Version 17
VisualStudioVersion = 17.13.35825.156
MinimumVisualStudioVersion = 10.0.40219.1
Project("{FAE04EC0-301F-11D3-BF4B-00C04F79EFBC}") = "CleanArchMvc.Domain", "CleanArchMvc.Domain\CleanArchMvc.Domain.csproj", "{AEBDAFDF-9826-4043-B199-17B4D94D9893}"
EndProject
Project("{FAE04EC0-301F-11D3-BF4B-00C04F79EFBC}") = "CleanArchMvc.Application", "CleanArchMvc.Application\CleanArchMvc.Application.csproj", "{A00AF195-7AF8-4787-8DCE-5202C6DD07F6}"
EndProject
Project("{FAE04EC0-301F-11D3-BF4B-00C04F79EFBC}") = "CleanArchMvc.Infra.Data", "CleanArchMvc.Infra.Data\CleanArchMvc.Infra.Data.csproj", "{2787F676-DC1F-41FB-9FA0-437CB50E739B}"
EndProject
Project("{FAE04EC0-301F-11D3-BF4B-00C04F79EFBC}") = "CleanArchMvc.Infra.IoC", "CleanArchMvc.Infra.IoC\CleanArchMvc.Infra.IoC.csproj", "{BD2D1774-D07F-427F-AF0C-26CB3A9A5C0A}"
EndProject
Project("{FAE04EC0-301F-11D3-BF4B-00C04F79EFBC}") = "CleanArchMvc.WebUI", "CleanArchMvc.WebUI\CleanArchMvc.WebUI.csproj", "{6A16E6B0-8DC6-4C7E-BF17-424E33B26964}"
EndProject
Project("{FAE04EC0-301F-11D3-BF4B-00C04F79EFBC}") = "CleanArchMvc.Domain.Tests", "CleanArchMvc.Domain.Tests\CleanArchMvc.Domain.Tests.csproj", "{F66B8F1A-C23F-4586-9755-6829075B5C17}"
EndProject
Global
	GlobalSection(SolutionConfigurationPlatforms) = preSolution
		Debug|Any CPU = Debug|Any CPU
		Release|Any CPU = Release|Any CPU
	EndGlobalSection
	GlobalSection(ProjectConfigurationPlatforms) = postSolution
		{AEBDAFDF-9826-4043-B199-17B4D94D9893}.Debug|Any CPU.ActiveCfg = Debug|Any CPU
		{AEBDAFDF-9826-4043-B199-17B4D94D9893}.Debug|Any CPU.Build.0 = Debug|Any CPU
		{AEBDAFDF-9826-4043-B199-17B4D94D9893}.Release|Any CPU.ActiveCfg = Release|Any CPU
		{AEBDAFDF-9826-4043-B199-17B4D94D9893}.Release|Any CPU.Build.0 = Release|Any CPU
		{A00AF195-7AF8-4787-8DCE-5202C6DD07F6}.Debug|Any CPU.ActiveCfg = Debug|Any CPU
		{A00AF195-7AF8-4787-8DCE-5202C6DD07F6}.Debug|Any CPU.Build.0 = Debug|Any CPU
		{A00AF195-7AF8-4787-8DCE-5202C6DD07F6}.Release|Any CPU.ActiveCfg = Release|Any CPU
		{A00AF195-7AF8-4787-8DCE-5202C6DD07F6}.Release|Any CPU.Build.0 = Release|Any CPU
		{2787F676-DC1F-41FB-9FA0-437CB50E739B}.Debug|Any CPU.ActiveCfg = Debug|Any CPU
		{2787F676-DC1F-41FB-9FA0-437CB50E739B}.Debug|Any CPU.Build.0 = Debug|Any CPU
		{2787F676-DC1F-41FB-9FA0-437CB50E739B}.Release|Any CPU.ActiveCfg = Release|Any CPU
		{2787F676-DC1F-41FB-9FA0-437CB50E739B}.Release|Any CPU.Build.0 = Release|Any CPU
		{BD2D1774-D07F-427F-AF0C-26CB3A9A5C0A}.Debug|Any CPU.ActiveCfg = Debug|Any CPU
		{BD2D1774-D07F-427F-AF0C-26CB3A9A5C0A}.Debug|Any CPU.Build.0 = Debug|Any CPU
		{BD2D1774-D07F-427F-AF0C-26CB3A9A5C0A}.Release|Any CPU.ActiveCfg = Release|Any CPU
		{BD2D1774-D07F-427F-AF0C-26CB3A9A5C0A}.Release|Any CPU.Build.0 = Release|Any CPU
		{6A16E6B0-8DC6-4C7E-BF17-424E33B26964}.Debug|Any CPU.ActiveCfg = Debug|Any CPU
		{6A16E6B0-8DC6-4C7E-BF17-424E33B26964}.Debug|Any CPU.Build.0 = Debug|Any CPU
		{6A16E6B0-8DC6-4C7E-BF17-424E33B26964}.Release|Any CPU.ActiveCfg = Release|Any CPU
		{6A16E6B0-8DC6-4C7E-BF17-424E33B26964}.Release|Any CPU.Build.0 = Release|Any CPU
		{F66B8F1A-C23F-4586-9755-6829075B5C17}.Debug|Any CPU.ActiveCfg = Debug|Any CPU
		{F66B8F1A-C23F-4586-9755-6829075B5C17}.Debug|Any CPU.Build.0 = Debug|Any CPU
		{F66B8F1A-C23F-4586-9755-6829075B5C17}.Release|Any CPU.ActiveCfg = Release|Any CPU
		{F66B8F1A-C23F-4586-9755-6829075B5C17}.Release|Any CPU.Build.0 = Release|Any CPU
	EndGlobalSection
	GlobalSection(SolutionProperties) = preSolution
		HideSolutionNode = FALSE
	EndGlobalSection
	GlobalSection(ExtensibilityGlobals) = postSolution
		SolutionGuid = {80F5330F-34B3-4AB4-AE6B-812665960CB9}
	EndGlobalSection
EndGlobal
